
Microsoft Visual Studio Solution File, Format Version 12.00
# Visual Studio Version 17
VisualStudioVersion = 17.2.32616.157
MinimumVisualStudioVersion = 10.0.40219.1
Project("{FAE04EC0-301F-11D3-BF4B-00C04F79EFBC}") = "NetCoreMvcAuthorize", "NetCoreMvcAuthorize.csproj", "{3D700F54-8EAE-448C-8D05-21C2EF9AB355}"
EndProject
Global
	GlobalSection(SolutionConfigurationPlatforms) = preSolution
		Debug|Any CPU = Debug|Any CPU
		Release|Any CPU = Release|Any CPU
	EndGlobalSection
	GlobalSection(ProjectConfigurationPlatforms) = postSolution
		{3D700F54-8EAE-448C-8D05-21C2EF9AB355}.Debug|Any CPU.ActiveCfg = Debug|Any CPU
		{3D700F54-8EAE-448C-8D05-21C2EF9AB355}.Debug|Any CPU.Build.0 = Debug|Any CPU
		{3D700F54-8EAE-448C-8D05-21C2EF9AB355}.Release|Any CPU.ActiveCfg = Release|Any CPU
		{3D700F54-8EAE-448C-8D05-21C2EF9AB355}.Release|Any CPU.Build.0 = Release|Any CPU
	EndGlobalSection
	GlobalSection(SolutionProperties) = preSolution
		HideSolutionNode = FALSE
	EndGlobalSection
	GlobalSection(ExtensibilityGlobals) = postSolution
		SolutionGuid = {6C494B4B-083F-4154-9F56-65AADEA1CEA8}
	EndGlobalSection
EndGlobal
